
Microsoft Visual Studio Solution File, Format Version 12.00
# Visual Studio Version 17
VisualStudioVersion = 17.6.33815.320
MinimumVisualStudioVersion = 10.0.40219.1
Project("{FAE04EC0-301F-11D3-BF4B-00C04F79EFBC}") = "Suporte TI", "Suporte TI\Suporte TI.csproj", "{48BE977F-1DDF-447D-9B8D-DBE91488D41F}"
EndProject
Global
	GlobalSection(SolutionConfigurationPlatforms) = preSolution
		Debug|Any CPU = Debug|Any CPU
		Release|Any CPU = Release|Any CPU
	EndGlobalSection
	GlobalSection(ProjectConfigurationPlatforms) = postSolution
		{48BE977F-1DDF-447D-9B8D-DBE91488D41F}.Debug|Any CPU.ActiveCfg = Debug|Any CPU
		{48BE977F-1DDF-447D-9B8D-DBE91488D41F}.Debug|Any CPU.Build.0 = Debug|Any CPU
		{48BE977F-1DDF-447D-9B8D-DBE91488D41F}.Release|Any CPU.ActiveCfg = Release|Any CPU
		{48BE977F-1DDF-447D-9B8D-DBE91488D41F}.Release|Any CPU.Build.0 = Release|Any CPU
	EndGlobalSection
	GlobalSection(SolutionProperties) = preSolution
		HideSolutionNode = FALSE
	EndGlobalSection
	GlobalSection(ExtensibilityGlobals) = postSolution
		SolutionGuid = {05AF1850-AB61-47C9-A5EE-50C218D36111}
	EndGlobalSection
EndGlobal
